{
  "name": "fitenkage",
  "version": "1.0.0",
  "lockfileVersion": 3,
  "requires": true,
  "packages": {
    "": {
      "name": "fitenkage",
      "version": "1.0.0",
      "license": "ISC",
      "dependencies": {
        "@kurgm/kage-engine": "^0.5.0",
        "ulid": "^2.3.0"
      }
    },
    "node_modules/@kurgm/kage-engine": {
      "version": "0.5.0",
      "resolved": "https://registry.npmmirror.com/@kurgm/kage-engine/-/kage-engine-0.5.0.tgz",
      "integrity": "sha512-5t5iLqPE8kd67ocyAVYMXPTyQexVvKCpFjeSAW5OpL1ru5byp5g2xNPQmcPaJBak2u9a+/L0MKvF02iy6jcykA=="
    },
    "node_modules/ulid": {
      "version": "2.3.0",
      "resolved": "https://registry.npmmirror.com/ulid/-/ulid-2.3.0.tgz",
      "integrity": "sha512-keqHubrlpvT6G2wH0OEfSW4mquYRcbe/J8NMmveoQOjUqmo+hXtO+ORCpWhdbZ7k72UtY61BL7haGxW6enBnjw==",
      "bin": {
        "ulid": "bin/cli.js"
      }
    }
  }
}
